
Microsoft Visual Studio Solution File, Format Version 12.00
# Visual Studio Version 16
VisualStudioVersion = 16.0.30002.166
MinimumVisualStudioVersion = 10.0.40219.1
Project("{2150E333-8FDC-42A3-9474-1A3956D46DE8}") = "0 - Presentation", "0 - Presentation", "{4DD0A875-6310-4F89-9551-600AB8359175}"
EndProject
Project("{2150E333-8FDC-42A3-9474-1A3956D46DE8}") = "2 - Application", "2 - Application", "{F83BA36D-7DB2-4D54-8E17-C53E559958FF}"
EndProject
Project("{2150E333-8FDC-42A3-9474-1A3956D46DE8}") = "3 - Domain", "3 - Domain", "{9393AAB0-5DAB-4A15-B375-6C3BB6A95FE4}"
EndProject
Project("{2150E333-8FDC-42A3-9474-1A3956D46DE8}") = "4 - Infrastructure", "4 - Infrastructure", "{E0D7D6F7-2DA0-46DC-9129-9F67022B5C0C}"
EndProject
Project("{9A19103F-16F7-4668-BE54-9A1E7A4F7556}") = "WonderfulStore.Domain", "WonderfulStore.Domain\WonderfulStore.Domain.csproj", "{34063C6F-BB30-4E6E-8A06-704154895531}"
EndProject
Project("{9A19103F-16F7-4668-BE54-9A1E7A4F7556}") = "WonderfulStore.Infra.DataAccess", "WonderfulStore.Infra.DataAccess\WonderfulStore.Infra.DataAccess.csproj", "{541EFFFA-9B5D-4A00-B65C-561673203D9F}"
EndProject
Project("{9A19103F-16F7-4668-BE54-9A1E7A4F7556}") = "WonderfulStore.UI.WebApp", "WonderfulStore.UI.WebApp\WonderfulStore.UI.WebApp.csproj", "{F24168B7-1F3F-45C3-B594-F60424FBF408}"
EndProject
Project("{2150E333-8FDC-42A3-9474-1A3956D46DE8}") = "CrossPlatform", "CrossPlatform", "{9F37E7E0-9DE3-416A-8F55-A9F981FBDAE1}"
EndProject
Project("{2150E333-8FDC-42A3-9474-1A3956D46DE8}") = "Web", "Web", "{BC5E04E0-86B5-462C-8ADF-D34DBD615E8D}"
EndProject
Project("{2150E333-8FDC-42A3-9474-1A3956D46DE8}") = "1 - Service", "1 - Service", "{6F41641F-E391-46ED-ABB2-17EB0C0F69C3}"
EndProject
Project("{9A19103F-16F7-4668-BE54-9A1E7A4F7556}") = "WonderfulStore.Service.ProductApi", "WonderfulStore.Service.ProductApi\WonderfulStore.Service.ProductApi.csproj", "{8D313EC8-D718-48A2-A35A-528582A6BC48}"
EndProject
Project("{9A19103F-16F7-4668-BE54-9A1E7A4F7556}") = "WonderfulStore.Service.ProductWorker", "WonderfulStore.Service.ProductWorker\WonderfulStore.Service.ProductWorker.csproj", "{C2E1BA67-34F9-4C46-A35B-ABF68CADDAE8}"
EndProject
Project("{9A19103F-16F7-4668-BE54-9A1E7A4F7556}") = "WonderfulStore.Application", "WonderfulStore.Application\WonderfulStore.Application.csproj", "{8F8A2914-7D6C-4799-B73B-1E5134AD61B6}"
EndProject
Project("{FAE04EC0-301F-11D3-BF4B-00C04F79EFBC}") = "WonderfulStore.Infra.Messaging", "WonderfulStore.Infra.Messaging\WonderfulStore.Infra.Messaging.csproj", "{EA3D10C5-BE55-41D6-B807-C646C12B47BC}"
EndProject
Global
	GlobalSection(SolutionConfigurationPlatforms) = preSolution
		Debug|Any CPU = Debug|Any CPU
		Debug|ARM = Debug|ARM
		Debug|iPhone = Debug|iPhone
		Debug|iPhoneSimulator = Debug|iPhoneSimulator
		Debug|x64 = Debug|x64
		Debug|x86 = Debug|x86
		Release|Any CPU = Release|Any CPU
		Release|ARM = Release|ARM
		Release|iPhone = Release|iPhone
		Release|iPhoneSimulator = Release|iPhoneSimulator
		Release|x64 = Release|x64
		Release|x86 = Release|x86
	EndGlobalSection
	GlobalSection(ProjectConfigurationPlatforms) = postSolution
		{34063C6F-BB30-4E6E-8A06-704154895531}.Debug|Any CPU.ActiveCfg = Debug|Any CPU
		{34063C6F-BB30-4E6E-8A06-704154895531}.Debug|Any CPU.Build.0 = Debug|Any CPU
		{34063C6F-BB30-4E6E-8A06-704154895531}.Debug|ARM.ActiveCfg = Debug|Any CPU
		{34063C6F-BB30-4E6E-8A06-704154895531}.Debug|ARM.Build.0 = Debug|Any CPU
		{34063C6F-BB30-4E6E-8A06-704154895531}.Debug|iPhone.ActiveCfg = Debug|Any CPU
		{34063C6F-BB30-4E6E-8A06-704154895531}.Debug|iPhone.Build.0 = Debug|Any CPU
		{34063C6F-BB30-4E6E-8A06-704154895531}.Debug|iPhoneSimulator.ActiveCfg = Debug|Any CPU
		{34063C6F-BB30-4E6E-8A06-704154895531}.Debug|iPhoneSimulator.Build.0 = Debug|Any CPU
		{34063C6F-BB30-4E6E-8A06-704154895531}.Debug|x64.ActiveCfg = Debug|Any CPU
		{34063C6F-BB30-4E6E-8A06-704154895531}.Debug|x64.Build.0 = Debug|Any CPU
		{34063C6F-BB30-4E6E-8A06-704154895531}.Debug|x86.ActiveCfg = Debug|Any CPU
		{34063C6F-BB30-4E6E-8A06-704154895531}.Debug|x86.Build.0 = Debug|Any CPU
		{34063C6F-BB30-4E6E-8A06-704154895531}.Release|Any CPU.ActiveCfg = Release|Any CPU
		{34063C6F-BB30-4E6E-8A06-704154895531}.Release|Any CPU.Build.0 = Release|Any CPU
		{34063C6F-BB30-4E6E-8A06-704154895531}.Release|ARM.ActiveCfg = Release|Any CPU
		{34063C6F-BB30-4E6E-8A06-704154895531}.Release|ARM.Build.0 = Release|Any CPU
		{34063C6F-BB30-4E6E-8A06-704154895531}.Release|iPhone.ActiveCfg = Release|Any CPU
		{34063C6F-BB30-4E6E-8A06-704154895531}.Release|iPhone.Build.0 = Release|Any CPU
		{34063C6F-BB30-4E6E-8A06-704154895531}.Release|iPhoneSimulator.ActiveCfg = Release|Any CPU
		{34063C6F-BB30-4E6E-8A06-704154895531}.Release|iPhoneSimulator.Build.0 = Release|Any CPU
		{34063C6F-BB30-4E6E-8A06-704154895531}.Release|x64.ActiveCfg = Release|Any CPU
		{34063C6F-BB30-4E6E-8A06-704154895531}.Release|x64.Build.0 = Release|Any CPU
		{34063C6F-BB30-4E6E-8A06-704154895531}.Release|x86.ActiveCfg = Release|Any CPU
		{34063C6F-BB30-4E6E-8A06-704154895531}.Release|x86.Build.0 = Release|Any CPU
		{541EFFFA-9B5D-4A00-B65C-561673203D9F}.Debug|Any CPU.ActiveCfg = Debug|Any CPU
		{541EFFFA-9B5D-4A00-B65C-561673203D9F}.Debug|Any CPU.Build.0 = Debug|Any CPU
		{541EFFFA-9B5D-4A00-B65C-561673203D9F}.Debug|ARM.ActiveCfg = Debug|Any CPU
		{541EFFFA-9B5D-4A00-B65C-561673203D9F}.Debug|ARM.Build.0 = Debug|Any CPU
		{541EFFFA-9B5D-4A00-B65C-561673203D9F}.Debug|iPhone.ActiveCfg = Debug|Any CPU
		{541EFFFA-9B5D-4A00-B65C-561673203D9F}.Debug|iPhone.Build.0 = Debug|Any CPU
		{541EFFFA-9B5D-4A00-B65C-561673203D9F}.Debug|iPhoneSimulator.ActiveCfg = Debug|Any CPU
		{541EFFFA-9B5D-4A00-B65C-561673203D9F}.Debug|iPhoneSimulator.Build.0 = Debug|Any CPU
		{541EFFFA-9B5D-4A00-B65C-561673203D9F}.Debug|x64.ActiveCfg = Debug|Any CPU
		{541EFFFA-9B5D-4A00-B65C-561673203D9F}.Debug|x64.Build.0 = Debug|Any CPU
		{541EFFFA-9B5D-4A00-B65C-561673203D9F}.Debug|x86.ActiveCfg = Debug|Any CPU
		{541EFFFA-9B5D-4A00-B65C-561673203D9F}.Debug|x86.Build.0 = Debug|Any CPU
		{541EFFFA-9B5D-4A00-B65C-561673203D9F}.Release|Any CPU.ActiveCfg = Release|Any CPU
		{541EFFFA-9B5D-4A00-B65C-561673203D9F}.Release|Any CPU.Build.0 = Release|Any CPU
		{541EFFFA-9B5D-4A00-B65C-561673203D9F}.Release|ARM.ActiveCfg = Release|Any CPU
		{541EFFFA-9B5D-4A00-B65C-561673203D9F}.Release|ARM.Build.0 = Release|Any CPU
		{541EFFFA-9B5D-4A00-B65C-561673203D9F}.Release|iPhone.ActiveCfg = Release|Any CPU
		{541EFFFA-9B5D-4A00-B65C-561673203D9F}.Release|iPhone.Build.0 = Release|Any CPU
		{541EFFFA-9B5D-4A00-B65C-561673203D9F}.Release|iPhoneSimulator.ActiveCfg = Release|Any CPU
		{541EFFFA-9B5D-4A00-B65C-561673203D9F}.Release|iPhoneSimulator.Build.0 = Release|Any CPU
		{541EFFFA-9B5D-4A00-B65C-561673203D9F}.Release|x64.ActiveCfg = Release|Any CPU
		{541EFFFA-9B5D-4A00-B65C-561673203D9F}.Release|x64.Build.0 = Release|Any CPU
		{541EFFFA-9B5D-4A00-B65C-561673203D9F}.Release|x86.ActiveCfg = Release|Any CPU
		{541EFFFA-9B5D-4A00-B65C-561673203D9F}.Release|x86.Build.0 = Release|Any CPU
		{F24168B7-1F3F-45C3-B594-F60424FBF408}.Debug|Any CPU.ActiveCfg = Debug|Any CPU
		{F24168B7-1F3F-45C3-B594-F60424FBF408}.Debug|Any CPU.Build.0 = Debug|Any CPU
		{F24168B7-1F3F-45C3-B594-F60424FBF408}.Debug|ARM.ActiveCfg = Debug|Any CPU
		{F24168B7-1F3F-45C3-B594-F60424FBF408}.Debug|ARM.Build.0 = Debug|Any CPU
		{F24168B7-1F3F-45C3-B594-F60424FBF408}.Debug|iPhone.ActiveCfg = Debug|Any CPU
		{F24168B7-1F3F-45C3-B594-F60424FBF408}.Debug|iPhone.Build.0 = Debug|Any CPU
		{F24168B7-1F3F-45C3-B594-F60424FBF408}.Debug|iPhoneSimulator.ActiveCfg = Debug|Any CPU
		{F24168B7-1F3F-45C3-B594-F60424FBF408}.Debug|iPhoneSimulator.Build.0 = Debug|Any CPU
		{F24168B7-1F3F-45C3-B594-F60424FBF408}.Debug|x64.ActiveCfg = Debug|Any CPU
		{F24168B7-1F3F-45C3-B594-F60424FBF408}.Debug|x64.Build.0 = Debug|Any CPU
		{F24168B7-1F3F-45C3-B594-F60424FBF408}.Debug|x86.ActiveCfg = Debug|Any CPU
		{F24168B7-1F3F-45C3-B594-F60424FBF408}.Debug|x86.Build.0 = Debug|Any CPU
		{F24168B7-1F3F-45C3-B594-F60424FBF408}.Release|Any CPU.ActiveCfg = Release|Any CPU
		{F24168B7-1F3F-45C3-B594-F60424FBF408}.Release|Any CPU.Build.0 = Release|Any CPU
		{F24168B7-1F3F-45C3-B594-F60424FBF408}.Release|ARM.ActiveCfg = Release|Any CPU
		{F24168B7-1F3F-45C3-B594-F60424FBF408}.Release|ARM.Build.0 = Release|Any CPU
		{F24168B7-1F3F-45C3-B594-F60424FBF408}.Release|iPhone.ActiveCfg = Release|Any CPU
		{F24168B7-1F3F-45C3-B594-F60424FBF408}.Release|iPhone.Build.0 = Release|Any CPU
		{F24168B7-1F3F-45C3-B594-F60424FBF408}.Release|iPhoneSimulator.ActiveCfg = Release|Any CPU
		{F24168B7-1F3F-45C3-B594-F60424FBF408}.Release|iPhoneSimulator.Build.0 = Release|Any CPU
		{F24168B7-1F3F-45C3-B594-F60424FBF408}.Release|x64.ActiveCfg = Release|Any CPU
		{F24168B7-1F3F-45C3-B594-F60424FBF408}.Release|x64.Build.0 = Release|Any CPU
		{F24168B7-1F3F-45C3-B594-F60424FBF408}.Release|x86.ActiveCfg = Release|Any CPU
		{F24168B7-1F3F-45C3-B594-F60424FBF408}.Release|x86.Build.0 = Release|Any CPU
		{8D313EC8-D718-48A2-A35A-528582A6BC48}.Debug|Any CPU.ActiveCfg = Debug|Any CPU
		{8D313EC8-D718-48A2-A35A-528582A6BC48}.Debug|Any CPU.Build.0 = Debug|Any CPU
		{8D313EC8-D718-48A2-A35A-528582A6BC48}.Debug|ARM.ActiveCfg = Debug|Any CPU
		{8D313EC8-D718-48A2-A35A-528582A6BC48}.Debug|ARM.Build.0 = Debug|Any CPU
		{8D313EC8-D718-48A2-A35A-528582A6BC48}.Debug|iPhone.ActiveCfg = Debug|Any CPU
		{8D313EC8-D718-48A2-A35A-528582A6BC48}.Debug|iPhone.Build.0 = Debug|Any CPU
		{8D313EC8-D718-48A2-A35A-528582A6BC48}.Debug|iPhoneSimulator.ActiveCfg = Debug|Any CPU
		{8D313EC8-D718-48A2-A35A-528582A6BC48}.Debug|iPhoneSimulator.Build.0 = Debug|Any CPU
		{8D313EC8-D718-48A2-A35A-528582A6BC48}.Debug|x64.ActiveCfg = Debug|Any CPU
		{8D313EC8-D718-48A2-A35A-528582A6BC48}.Debug|x64.Build.0 = Debug|Any CPU
		{8D313EC8-D718-48A2-A35A-528582A6BC48}.Debug|x86.ActiveCfg = Debug|Any CPU
		{8D313EC8-D718-48A2-A35A-528582A6BC48}.Debug|x86.Build.0 = Debug|Any CPU
		{8D313EC8-D718-48A2-A35A-528582A6BC48}.Release|Any CPU.ActiveCfg = Release|Any CPU
		{8D313EC8-D718-48A2-A35A-528582A6BC48}.Release|Any CPU.Build.0 = Release|Any CPU
		{8D313EC8-D718-48A2-A35A-528582A6BC48}.Release|ARM.ActiveCfg = Release|Any CPU
		{8D313EC8-D718-48A2-A35A-528582A6BC48}.Release|ARM.Build.0 = Release|Any CPU
		{8D313EC8-D718-48A2-A35A-528582A6BC48}.Release|iPhone.ActiveCfg = Release|Any CPU
		{8D313EC8-D718-48A2-A35A-528582A6BC48}.Release|iPhone.Build.0 = Release|Any CPU
		{8D313EC8-D718-48A2-A35A-528582A6BC48}.Release|iPhoneSimulator.ActiveCfg = Release|Any CPU
		{8D313EC8-D718-48A2-A35A-528582A6BC48}.Release|iPhoneSimulator.Build.0 = Release|Any CPU
		{8D313EC8-D718-48A2-A35A-528582A6BC48}.Release|x64.ActiveCfg = Release|Any CPU
		{8D313EC8-D718-48A2-A35A-528582A6BC48}.Release|x64.Build.0 = Release|Any CPU
		{8D313EC8-D718-48A2-A35A-528582A6BC48}.Release|x86.ActiveCfg = Release|Any CPU
		{8D313EC8-D718-48A2-A35A-528582A6BC48}.Release|x86.Build.0 = Release|Any CPU
		{C2E1BA67-34F9-4C46-A35B-ABF68CADDAE8}.Debug|Any CPU.ActiveCfg = Debug|Any CPU
		{C2E1BA67-34F9-4C46-A35B-ABF68CADDAE8}.Debug|Any CPU.Build.0 = Debug|Any CPU
		{C2E1BA67-34F9-4C46-A35B-ABF68CADDAE8}.Debug|ARM.ActiveCfg = Debug|Any CPU
		{C2E1BA67-34F9-4C46-A35B-ABF68CADDAE8}.Debug|ARM.Build.0 = Debug|Any CPU
		{C2E1BA67-34F9-4C46-A35B-ABF68CADDAE8}.Debug|iPhone.ActiveCfg = Debug|Any CPU
		{C2E1BA67-34F9-4C46-A35B-ABF68CADDAE8}.Debug|iPhone.Build.0 = Debug|Any CPU
		{C2E1BA67-34F9-4C46-A35B-ABF68CADDAE8}.Debug|iPhoneSimulator.ActiveCfg = Debug|Any CPU
		{C2E1BA67-34F9-4C46-A35B-ABF68CADDAE8}.Debug|iPhoneSimulator.Build.0 = Debug|Any CPU
		{C2E1BA67-34F9-4C46-A35B-ABF68CADDAE8}.Debug|x64.ActiveCfg = Debug|Any CPU
		{C2E1BA67-34F9-4C46-A35B-ABF68CADDAE8}.Debug|x64.Build.0 = Debug|Any CPU
		{C2E1BA67-34F9-4C46-A35B-ABF68CADDAE8}.Debug|x86.ActiveCfg = Debug|Any CPU
		{C2E1BA67-34F9-4C46-A35B-ABF68CADDAE8}.Debug|x86.Build.0 = Debug|Any CPU
		{C2E1BA67-34F9-4C46-A35B-ABF68CADDAE8}.Release|Any CPU.ActiveCfg = Release|Any CPU
		{C2E1BA67-34F9-4C46-A35B-ABF68CADDAE8}.Release|Any CPU.Build.0 = Release|Any CPU
		{C2E1BA67-34F9-4C46-A35B-ABF68CADDAE8}.Release|ARM.ActiveCfg = Release|Any CPU
		{C2E1BA67-34F9-4C46-A35B-ABF68CADDAE8}.Release|ARM.Build.0 = Release|Any CPU
		{C2E1BA67-34F9-4C46-A35B-ABF68CADDAE8}.Release|iPhone.ActiveCfg = Release|Any CPU
		{C2E1BA67-34F9-4C46-A35B-ABF68CADDAE8}.Release|iPhone.Build.0 = Release|Any CPU
		{C2E1BA67-34F9-4C46-A35B-ABF68CADDAE8}.Release|iPhoneSimulator.ActiveCfg = Release|Any CPU
		{C2E1BA67-34F9-4C46-A35B-ABF68CADDAE8}.Release|iPhoneSimulator.Build.0 = Release|Any CPU
		{C2E1BA67-34F9-4C46-A35B-ABF68CADDAE8}.Release|x64.ActiveCfg = Release|Any CPU
		{C2E1BA67-34F9-4C46-A35B-ABF68CADDAE8}.Release|x64.Build.0 = Release|Any CPU
		{C2E1BA67-34F9-4C46-A35B-ABF68CADDAE8}.Release|x86.ActiveCfg = Release|Any CPU
		{C2E1BA67-34F9-4C46-A35B-ABF68CADDAE8}.Release|x86.Build.0 = Release|Any CPU
		{8F8A2914-7D6C-4799-B73B-1E5134AD61B6}.Debug|Any CPU.ActiveCfg = Debug|Any CPU
		{8F8A2914-7D6C-4799-B73B-1E5134AD61B6}.Debug|Any CPU.Build.0 = Debug|Any CPU
		{8F8A2914-7D6C-4799-B73B-1E5134AD61B6}.Debug|ARM.ActiveCfg = Debug|Any CPU
		{8F8A2914-7D6C-4799-B73B-1E5134AD61B6}.Debug|ARM.Build.0 = Debug|Any CPU
		{8F8A2914-7D6C-4799-B73B-1E5134AD61B6}.Debug|iPhone.ActiveCfg = Debug|Any CPU
		{8F8A2914-7D6C-4799-B73B-1E5134AD61B6}.Debug|iPhone.Build.0 = Debug|Any CPU
		{8F8A2914-7D6C-4799-B73B-1E5134AD61B6}.Debug|iPhoneSimulator.ActiveCfg = Debug|Any CPU
		{8F8A2914-7D6C-4799-B73B-1E5134AD61B6}.Debug|iPhoneSimulator.Build.0 = Debug|Any CPU
		{8F8A2914-7D6C-4799-B73B-1E5134AD61B6}.Debug|x64.ActiveCfg = Debug|Any CPU
		{8F8A2914-7D6C-4799-B73B-1E5134AD61B6}.Debug|x64.Build.0 = Debug|Any CPU
		{8F8A2914-7D6C-4799-B73B-1E5134AD61B6}.Debug|x86.ActiveCfg = Debug|Any CPU
		{8F8A2914-7D6C-4799-B73B-1E5134AD61B6}.Debug|x86.Build.0 = Debug|Any CPU
		{8F8A2914-7D6C-4799-B73B-1E5134AD61B6}.Release|Any CPU.ActiveCfg = Release|Any CPU
		{8F8A2914-7D6C-4799-B73B-1E5134AD61B6}.Release|Any CPU.Build.0 = Release|Any CPU
		{8F8A2914-7D6C-4799-B73B-1E5134AD61B6}.Release|ARM.ActiveCfg = Release|Any CPU
		{8F8A2914-7D6C-4799-B73B-1E5134AD61B6}.Release|ARM.Build.0 = Release|Any CPU
		{8F8A2914-7D6C-4799-B73B-1E5134AD61B6}.Release|iPhone.ActiveCfg = Release|Any CPU
		{8F8A2914-7D6C-4799-B73B-1E5134AD61B6}.Release|iPhone.Build.0 = Release|Any CPU
		{8F8A2914-7D6C-4799-B73B-1E5134AD61B6}.Release|iPhoneSimulator.ActiveCfg = Release|Any CPU
		{8F8A2914-7D6C-4799-B73B-1E5134AD61B6}.Release|iPhoneSimulator.Build.0 = Release|Any CPU
		{8F8A2914-7D6C-4799-B73B-1E5134AD61B6}.Release|x64.ActiveCfg = Release|Any CPU
		{8F8A2914-7D6C-4799-B73B-1E5134AD61B6}.Release|x64.Build.0 = Release|Any CPU
		{8F8A2914-7D6C-4799-B73B-1E5134AD61B6}.Release|x86.ActiveCfg = Release|Any CPU
		{8F8A2914-7D6C-4799-B73B-1E5134AD61B6}.Release|x86.Build.0 = Release|Any CPU
		{EA3D10C5-BE55-41D6-B807-C646C12B47BC}.Debug|Any CPU.ActiveCfg = Debug|Any CPU
		{EA3D10C5-BE55-41D6-B807-C646C12B47BC}.Debug|Any CPU.Build.0 = Debug|Any CPU
		{EA3D10C5-BE55-41D6-B807-C646C12B47BC}.Debug|ARM.ActiveCfg = Debug|Any CPU
		{EA3D10C5-BE55-41D6-B807-C646C12B47BC}.Debug|ARM.Build.0 = Debug|Any CPU
		{EA3D10C5-BE55-41D6-B807-C646C12B47BC}.Debug|iPhone.ActiveCfg = Debug|Any CPU
		{EA3D10C5-BE55-41D6-B807-C646C12B47BC}.Debug|iPhone.Build.0 = Debug|Any CPU
		{EA3D10C5-BE55-41D6-B807-C646C12B47BC}.Debug|iPhoneSimulator.ActiveCfg = Debug|Any CPU
		{EA3D10C5-BE55-41D6-B807-C646C12B47BC}.Debug|iPhoneSimulator.Build.0 = Debug|Any CPU
		{EA3D10C5-BE55-41D6-B807-C646C12B47BC}.Debug|x64.ActiveCfg = Debug|Any CPU
		{EA3D10C5-BE55-41D6-B807-C646C12B47BC}.Debug|x64.Build.0 = Debug|Any CPU
		{EA3D10C5-BE55-41D6-B807-C646C12B47BC}.Debug|x86.ActiveCfg = Debug|Any CPU
		{EA3D10C5-BE55-41D6-B807-C646C12B47BC}.Debug|x86.Build.0 = Debug|Any CPU
		{EA3D10C5-BE55-41D6-B807-C646C12B47BC}.Release|Any CPU.ActiveCfg = Release|Any CPU
		{EA3D10C5-BE55-41D6-B807-C646C12B47BC}.Release|Any CPU.Build.0 = Release|Any CPU
		{EA3D10C5-BE55-41D6-B807-C646C12B47BC}.Release|ARM.ActiveCfg = Release|Any CPU
		{EA3D10C5-BE55-41D6-B807-C646C12B47BC}.Release|ARM.Build.0 = Release|Any CPU
		{EA3D10C5-BE55-41D6-B807-C646C12B47BC}.Release|iPhone.ActiveCfg = Release|Any CPU
		{EA3D10C5-BE55-41D6-B807-C646C12B47BC}.Release|iPhone.Build.0 = Release|Any CPU
		{EA3D10C5-BE55-41D6-B807-C646C12B47BC}.Release|iPhoneSimulator.ActiveCfg = Release|Any CPU
		{EA3D10C5-BE55-41D6-B807-C646C12B47BC}.Release|iPhoneSimulator.Build.0 = Release|Any CPU
		{EA3D10C5-BE55-41D6-B807-C646C12B47BC}.Release|x64.ActiveCfg = Release|Any CPU
		{EA3D10C5-BE55-41D6-B807-C646C12B47BC}.Release|x64.Build.0 = Release|Any CPU
		{EA3D10C5-BE55-41D6-B807-C646C12B47BC}.Release|x86.ActiveCfg = Release|Any CPU
		{EA3D10C5-BE55-41D6-B807-C646C12B47BC}.Release|x86.Build.0 = Release|Any CPU
	EndGlobalSection
	GlobalSection(SolutionProperties) = preSolution
		HideSolutionNode = FALSE
	EndGlobalSection
	GlobalSection(NestedProjects) = preSolution
		{34063C6F-BB30-4E6E-8A06-704154895531} = {9393AAB0-5DAB-4A15-B375-6C3BB6A95FE4}
		{541EFFFA-9B5D-4A00-B65C-561673203D9F} = {E0D7D6F7-2DA0-46DC-9129-9F67022B5C0C}
		{F24168B7-1F3F-45C3-B594-F60424FBF408} = {BC5E04E0-86B5-462C-8ADF-D34DBD615E8D}
		{9F37E7E0-9DE3-416A-8F55-A9F981FBDAE1} = {4DD0A875-6310-4F89-9551-600AB8359175}
		{BC5E04E0-86B5-462C-8ADF-D34DBD615E8D} = {4DD0A875-6310-4F89-9551-600AB8359175}
		{8D313EC8-D718-48A2-A35A-528582A6BC48} = {6F41641F-E391-46ED-ABB2-17EB0C0F69C3}
		{C2E1BA67-34F9-4C46-A35B-ABF68CADDAE8} = {6F41641F-E391-46ED-ABB2-17EB0C0F69C3}
		{8F8A2914-7D6C-4799-B73B-1E5134AD61B6} = {F83BA36D-7DB2-4D54-8E17-C53E559958FF}
		{EA3D10C5-BE55-41D6-B807-C646C12B47BC} = {E0D7D6F7-2DA0-46DC-9129-9F67022B5C0C}
	EndGlobalSection
	GlobalSection(ExtensibilityGlobals) = postSolution
		SolutionGuid = {F4AAAAA3-559D-4F69-A611-0E67E3A67C1C}
	EndGlobalSection
EndGlobal
